// !$*UTF8*$!
{
	archiveVersion = 1;
	classes = {
	};
	objectVersion = 56;
	objects = {

/* Begin PBXBuildFile section */
		862FEB722C46E5B5006061C2 /* Datenschutzrichtlinie.rtf in Resources */ = {isa = PBXBuildFile; fileRef = 862FEB712C46E5B5006061C2 /* Datenschutzrichtlinie.rtf */; };
		862FEB742C46E5F1006061C2 /* Datenlizenz.rtf in Resources */ = {isa = PBXBuildFile; fileRef = 862FEB732C46E5F1006061C2 /* Datenlizenz.rtf */; };
		864B51A32C46628600B8252C /* GrowBroApp.swift in Sources */ = {isa = PBXBuildFile; fileRef = 864B51A22C46628600B8252C /* GrowBroApp.swift */; };
		864B51A72C46628700B8252C /* Assets.xcassets in Resources */ = {isa = PBXBuildFile; fileRef = 864B51A62C46628700B8252C /* Assets.xcassets */; };
		864B51AA2C46628700B8252C /* Preview Assets.xcassets in Resources */ = {isa = PBXBuildFile; fileRef = 864B51A92C46628700B8252C /* Preview Assets.xcassets */; };
		864B51B42C46628700B8252C /* GrowBroTests.swift in Sources */ = {isa = PBXBuildFile; fileRef = 864B51B32C46628700B8252C /* GrowBroTests.swift */; };
		864B51BE2C46628700B8252C /* GrowBroUITests.swift in Sources */ = {isa = PBXBuildFile; fileRef = 864B51BD2C46628700B8252C /* GrowBroUITests.swift */; };
		864B51C02C46628700B8252C /* GrowBroUITestsLaunchTests.swift in Sources */ = {isa = PBXBuildFile; fileRef = 864B51BF2C46628700B8252C /* GrowBroUITestsLaunchTests.swift */; };
		864B51CD2C46629C00B8252C /* SplashView.swift in Sources */ = {isa = PBXBuildFile; fileRef = 864B51CC2C46629C00B8252C /* SplashView.swift */; };
		864B51D32C4667BF00B8252C /* ViewRouter.swift in Sources */ = {isa = PBXBuildFile; fileRef = 864B51D22C4667BF00B8252C /* ViewRouter.swift */; };
		864B51D72C4668A300B8252C /* FireUser.swift in Sources */ = {isa = PBXBuildFile; fileRef = 864B51D62C4668A300B8252C /* FireUser.swift */; };
		864B51D92C46694B00B8252C /* FireBaseManager.swift in Sources */ = {isa = PBXBuildFile; fileRef = 864B51D82C46694B00B8252C /* FireBaseManager.swift */; };
		864B51DB2C466F9B00B8252C /* GoogleService-Info.plist in Resources */ = {isa = PBXBuildFile; fileRef = 864B51DA2C466F9B00B8252C /* GoogleService-Info.plist */; };
		864B51DE2C466FF500B8252C /* FirebaseAnalytics in Frameworks */ = {isa = PBXBuildFile; productRef = 864B51DD2C466FF500B8252C /* FirebaseAnalytics */; };
		864B51E02C466FF500B8252C /* FirebaseAnalyticsWithoutAdIdSupport in Frameworks */ = {isa = PBXBuildFile; productRef = 864B51DF2C466FF500B8252C /* FirebaseAnalyticsWithoutAdIdSupport */; };
		864B51E22C466FF500B8252C /* FirebaseAuth in Frameworks */ = {isa = PBXBuildFile; productRef = 864B51E12C466FF500B8252C /* FirebaseAuth */; };
		864B51E42C466FF500B8252C /* FirebaseDatabase in Frameworks */ = {isa = PBXBuildFile; productRef = 864B51E32C466FF500B8252C /* FirebaseDatabase */; };
		864B51E62C466FF500B8252C /* FirebaseDatabaseSwift in Frameworks */ = {isa = PBXBuildFile; productRef = 864B51E52C466FF500B8252C /* FirebaseDatabaseSwift */; };
		864B51E82C466FF500B8252C /* FirebaseFirestore in Frameworks */ = {isa = PBXBuildFile; productRef = 864B51E72C466FF500B8252C /* FirebaseFirestore */; };
		864B51EB2C46702600B8252C /* AuthViewModel.swift in Sources */ = {isa = PBXBuildFile; fileRef = 864B51EA2C46702600B8252C /* AuthViewModel.swift */; };
		864B51EE2C46710F00B8252C /* AuthenticationView.swift in Sources */ = {isa = PBXBuildFile; fileRef = 864B51ED2C46710F00B8252C /* AuthenticationView.swift */; };
		864B51F02C46742200B8252C /* LoginView.swift in Sources */ = {isa = PBXBuildFile; fileRef = 864B51EF2C46742200B8252C /* LoginView.swift */; };
		864B51F22C4674D000B8252C /* RegisterOrLoginView.swift in Sources */ = {isa = PBXBuildFile; fileRef = 864B51F12C4674D000B8252C /* RegisterOrLoginView.swift */; };
		864B51F42C4682F100B8252C /* ChatView.swift in Sources */ = {isa = PBXBuildFile; fileRef = 864B51F32C4682F100B8252C /* ChatView.swift */; };
		864B51F72C46831400B8252C /* ChatViewModel.swift in Sources */ = {isa = PBXBuildFile; fileRef = 864B51F62C46831400B8252C /* ChatViewModel.swift */; };
		864B51FA2C46834900B8252C /* ChatRequest.swift in Sources */ = {isa = PBXBuildFile; fileRef = 864B51F92C46834900B8252C /* ChatRequest.swift */; };
		864B51FC2C46837600B8252C /* ChatRepository.swift in Sources */ = {isa = PBXBuildFile; fileRef = 864B51FB2C46837600B8252C /* ChatRepository.swift */; };
		864B51FF2C46839300B8252C /* ApiKey.swift in Sources */ = {isa = PBXBuildFile; fileRef = 864B51FE2C46839300B8252C /* ApiKey.swift */; };
		864B52022C46A4F800B8252C /* ChatBubble.swift in Sources */ = {isa = PBXBuildFile; fileRef = 864B52012C46A4F800B8252C /* ChatBubble.swift */; };
		864B52052C46A66700B8252C /* ChatMessage.swift in Sources */ = {isa = PBXBuildFile; fileRef = 864B52042C46A66700B8252C /* ChatMessage.swift */; };
		864B52072C46A87B00B8252C /* LoadingDotsView.swift in Sources */ = {isa = PBXBuildFile; fileRef = 864B52062C46A87B00B8252C /* LoadingDotsView.swift */; };
/* End PBXBuildFile section */

/* Begin PBXContainerItemProxy section */
		864B51B02C46628700B8252C /* PBXContainerItemProxy */ = {
			isa = PBXContainerItemProxy;
			containerPortal = 864B51972C46628600B8252C /* Project object */;
			proxyType = 1;
			remoteGlobalIDString = 864B519E2C46628600B8252C;
			remoteInfo = GrowBro;
		};
		864B51BA2C46628700B8252C /* PBXContainerItemProxy */ = {
			isa = PBXContainerItemProxy;
			containerPortal = 864B51972C46628600B8252C /* Project object */;
			proxyType = 1;
			remoteGlobalIDString = 864B519E2C46628600B8252C;
			remoteInfo = GrowBro;
		};
/* End PBXContainerItemProxy section */

/* Begin PBXFileReference section */
		862FEB712C46E5B5006061C2 /* Datenschutzrichtlinie.rtf */ = {isa = PBXFileReference; lastKnownFileType = text.rtf; path = Datenschutzrichtlinie.rtf; sourceTree = "<group>"; };
		862FEB732C46E5F1006061C2 /* Datenlizenz.rtf */ = {isa = PBXFileReference; lastKnownFileType = text.rtf; path = Datenlizenz.rtf; sourceTree = "<group>"; };
		864B519F2C46628600B8252C /* GrowBro.app */ = {isa = PBXFileReference; explicitFileType = wrapper.application; includeInIndex = 0; path = GrowBro.app; sourceTree = BUILT_PRODUCTS_DIR; };
		864B51A22C46628600B8252C /* GrowBroApp.swift */ = {isa = PBXFileReference; lastKnownFileType = sourcecode.swift; path = GrowBroApp.swift; sourceTree = "<group>"; };
		864B51A62C46628700B8252C /* Assets.xcassets */ = {isa = PBXFileReference; lastKnownFileType = folder.assetcatalog; path = Assets.xcassets; sourceTree = "<group>"; };
		864B51A92C46628700B8252C /* Preview Assets.xcassets */ = {isa = PBXFileReference; lastKnownFileType = folder.assetcatalog; path = "Preview Assets.xcassets"; sourceTree = "<group>"; };
		864B51AF2C46628700B8252C /* GrowBroTests.xctest */ = {isa = PBXFileReference; explicitFileType = wrapper.cfbundle; includeInIndex = 0; path = GrowBroTests.xctest; sourceTree = BUILT_PRODUCTS_DIR; };
		864B51B32C46628700B8252C /* GrowBroTests.swift */ = {isa = PBXFileReference; lastKnownFileType = sourcecode.swift; path = GrowBroTests.swift; sourceTree = "<group>"; };
		864B51B92C46628700B8252C /* GrowBroUITests.xctest */ = {isa = PBXFileReference; explicitFileType = wrapper.cfbundle; includeInIndex = 0; path = GrowBroUITests.xctest; sourceTree = BUILT_PRODUCTS_DIR; };
		864B51BD2C46628700B8252C /* GrowBroUITests.swift */ = {isa = PBXFileReference; lastKnownFileType = sourcecode.swift; path = GrowBroUITests.swift; sourceTree = "<group>"; };
		864B51BF2C46628700B8252C /* GrowBroUITestsLaunchTests.swift */ = {isa = PBXFileReference; lastKnownFileType = sourcecode.swift; path = GrowBroUITestsLaunchTests.swift; sourceTree = "<group>"; };
		864B51CC2C46629C00B8252C /* SplashView.swift */ = {isa = PBXFileReference; lastKnownFileType = sourcecode.swift; path = SplashView.swift; sourceTree = "<group>"; };
		864B51D22C4667BF00B8252C /* ViewRouter.swift */ = {isa = PBXFileReference; lastKnownFileType = sourcecode.swift; path = ViewRouter.swift; sourceTree = "<group>"; };
		864B51D62C4668A300B8252C /* FireUser.swift */ = {isa = PBXFileReference; lastKnownFileType = sourcecode.swift; path = FireUser.swift; sourceTree = "<group>"; };
		864B51D82C46694B00B8252C /* FireBaseManager.swift */ = {isa = PBXFileReference; lastKnownFileType = sourcecode.swift; path = FireBaseManager.swift; sourceTree = "<group>"; };
		864B51DA2C466F9B00B8252C /* GoogleService-Info.plist */ = {isa = PBXFileReference; fileEncoding = 4; lastKnownFileType = text.plist.xml; name = "GoogleService-Info.plist"; path = "../../../../Downloads/GoogleService-Info.plist"; sourceTree = "<group>"; };
		864B51EA2C46702600B8252C /* AuthViewModel.swift */ = {isa = PBXFileReference; lastKnownFileType = sourcecode.swift; path = AuthViewModel.swift; sourceTree = "<group>"; };
		864B51ED2C46710F00B8252C /* AuthenticationView.swift */ = {isa = PBXFileReference; lastKnownFileType = sourcecode.swift; path = AuthenticationView.swift; sourceTree = "<group>"; };
		864B51EF2C46742200B8252C /* LoginView.swift */ = {isa = PBXFileReference; lastKnownFileType = sourcecode.swift; path = LoginView.swift; sourceTree = "<group>"; };
		864B51F12C4674D000B8252C /* RegisterOrLoginView.swift */ = {isa = PBXFileReference; lastKnownFileType = sourcecode.swift; path = RegisterOrLoginView.swift; sourceTree = "<group>"; };
		864B51F32C4682F100B8252C /* ChatView.swift */ = {isa = PBXFileReference; lastKnownFileType = sourcecode.swift; path = ChatView.swift; sourceTree = "<group>"; };
		864B51F62C46831400B8252C /* ChatViewModel.swift */ = {isa = PBXFileReference; lastKnownFileType = sourcecode.swift; path = ChatViewModel.swift; sourceTree = "<group>"; };
		864B51F92C46834900B8252C /* ChatRequest.swift */ = {isa = PBXFileReference; lastKnownFileType = sourcecode.swift; path = ChatRequest.swift; sourceTree = "<group>"; };
		864B51FB2C46837600B8252C /* ChatRepository.swift */ = {isa = PBXFileReference; lastKnownFileType = sourcecode.swift; path = ChatRepository.swift; sourceTree = "<group>"; };
		864B51FE2C46839300B8252C /* ApiKey.swift */ = {isa = PBXFileReference; lastKnownFileType = sourcecode.swift; path = ApiKey.swift; sourceTree = "<group>"; };
		864B52012C46A4F800B8252C /* ChatBubble.swift */ = {isa = PBXFileReference; lastKnownFileType = sourcecode.swift; path = ChatBubble.swift; sourceTree = "<group>"; };
		864B52042C46A66700B8252C /* ChatMessage.swift */ = {isa = PBXFileReference; lastKnownFileType = sourcecode.swift; path = ChatMessage.swift; sourceTree = "<group>"; };
		864B52062C46A87B00B8252C /* LoadingDotsView.swift */ = {isa = PBXFileReference; lastKnownFileType = sourcecode.swift; path = LoadingDotsView.swift; sourceTree = "<group>"; };
/* End PBXFileReference section */

/* Begin PBXFrameworksBuildPhase section */
		864B519C2C46628600B8252C /* Frameworks */ = {
			isa = PBXFrameworksBuildPhase;
			buildActionMask = 2147483647;
			files = (
				864B51E62C466FF500B8252C /* FirebaseDatabaseSwift in Frameworks */,
				864B51DE2C466FF500B8252C /* FirebaseAnalytics in Frameworks */,
				864B51E22C466FF500B8252C /* FirebaseAuth in Frameworks */,
				864B51E42C466FF500B8252C /* FirebaseDatabase in Frameworks */,
				864B51E02C466FF500B8252C /* FirebaseAnalyticsWithoutAdIdSupport in Frameworks */,
				864B51E82C466FF500B8252C /* FirebaseFirestore in Frameworks */,
			);
			runOnlyForDeploymentPostprocessing = 0;
		};
		864B51AC2C46628700B8252C /* Frameworks */ = {
			isa = PBXFrameworksBuildPhase;
			buildActionMask = 2147483647;
			files = (
			);
			runOnlyForDeploymentPostprocessing = 0;
		};
		864B51B62C46628700B8252C /* Frameworks */ = {
			isa = PBXFrameworksBuildPhase;
			buildActionMask = 2147483647;
			files = (
			);
			runOnlyForDeploymentPostprocessing = 0;
		};
/* End PBXFrameworksBuildPhase section */

/* Begin PBXGroup section */
		864B51962C46628600B8252C = {
			isa = PBXGroup;
			children = (
				864B51A12C46628600B8252C /* GrowBro */,
				864B51B22C46628700B8252C /* GrowBroTests */,
				864B51BC2C46628700B8252C /* GrowBroUITests */,
				864B51A02C46628600B8252C /* Products */,
			);
			sourceTree = "<group>";
		};
		864B51A02C46628600B8252C /* Products */ = {
			isa = PBXGroup;
			children = (
				864B519F2C46628600B8252C /* GrowBro.app */,
				864B51AF2C46628700B8252C /* GrowBroTests.xctest */,
				864B51B92C46628700B8252C /* GrowBroUITests.xctest */,
			);
			name = Products;
			sourceTree = "<group>";
		};
		864B51A12C46628600B8252C /* GrowBro */ = {
			isa = PBXGroup;
			children = (
				864B51D42C46689300B8252C /* FireBase */,
				864B51D02C4667A300B8252C /* Views */,
				864B51A22C46628600B8252C /* GrowBroApp.swift */,
				864B51A62C46628700B8252C /* Assets.xcassets */,
				864B51DA2C466F9B00B8252C /* GoogleService-Info.plist */,
				864B51A82C46628700B8252C /* Preview Content */,
				862FEB712C46E5B5006061C2 /* Datenschutzrichtlinie.rtf */,
				862FEB732C46E5F1006061C2 /* Datenlizenz.rtf */,
			);
			path = GrowBro;
			sourceTree = "<group>";
		};
		864B51A82C46628700B8252C /* Preview Content */ = {
			isa = PBXGroup;
			children = (
				864B51A92C46628700B8252C /* Preview Assets.xcassets */,
			);
			path = "Preview Content";
			sourceTree = "<group>";
		};
		864B51B22C46628700B8252C /* GrowBroTests */ = {
			isa = PBXGroup;
			children = (
				864B51B32C46628700B8252C /* GrowBroTests.swift */,
			);
			path = GrowBroTests;
			sourceTree = "<group>";
		};
		864B51BC2C46628700B8252C /* GrowBroUITests */ = {
			isa = PBXGroup;
			children = (
				864B51BD2C46628700B8252C /* GrowBroUITests.swift */,
				864B51BF2C46628700B8252C /* GrowBroUITestsLaunchTests.swift */,
			);
			path = GrowBroUITests;
			sourceTree = "<group>";
		};
		864B51D02C4667A300B8252C /* Views */ = {
			isa = PBXGroup;
			children = (
				864B52002C46A46800B8252C /* ChatView */,
				864B51EC2C4670F500B8252C /* RegisterOrLogin */,
				864B51D12C4667B100B8252C /* ViewRouter */,
				864B51CC2C46629C00B8252C /* SplashView.swift */,
			);
			path = Views;
			sourceTree = "<group>";
		};
		864B51D12C4667B100B8252C /* ViewRouter */ = {
			isa = PBXGroup;
			children = (
				864B51D22C4667BF00B8252C /* ViewRouter.swift */,
			);
			path = ViewRouter;
			sourceTree = "<group>";
		};
		864B51D42C46689300B8252C /* FireBase */ = {
			isa = PBXGroup;
			children = (
				864B51FD2C46838500B8252C /* ApiKey */,
				864B51F82C46834200B8252C /* API */,
				864B51E92C46701C00B8252C /* ViewModel */,
				864B51D52C46689B00B8252C /* Model */,
				864B51D82C46694B00B8252C /* FireBaseManager.swift */,
			);
			path = FireBase;
			sourceTree = "<group>";
		};
		864B51D52C46689B00B8252C /* Model */ = {
			isa = PBXGroup;
			children = (
				864B51D62C4668A300B8252C /* FireUser.swift */,
			);
			path = Model;
			sourceTree = "<group>";
		};
		864B51E92C46701C00B8252C /* ViewModel */ = {
			isa = PBXGroup;
			children = (
				864B51EA2C46702600B8252C /* AuthViewModel.swift */,
			);
			path = ViewModel;
			sourceTree = "<group>";
		};
		864B51EC2C4670F500B8252C /* RegisterOrLogin */ = {
			isa = PBXGroup;
			children = (
				864B51ED2C46710F00B8252C /* AuthenticationView.swift */,
				864B51EF2C46742200B8252C /* LoginView.swift */,
				864B51F12C4674D000B8252C /* RegisterOrLoginView.swift */,
			);
			path = RegisterOrLogin;
			sourceTree = "<group>";
		};
		864B51F52C46830500B8252C /* ViewModel */ = {
			isa = PBXGroup;
			children = (
				864B51F62C46831400B8252C /* ChatViewModel.swift */,
			);
			path = ViewModel;
			sourceTree = "<group>";
		};
		864B51F82C46834200B8252C /* API */ = {
			isa = PBXGroup;
			children = (
				864B51F92C46834900B8252C /* ChatRequest.swift */,
				864B51FB2C46837600B8252C /* ChatRepository.swift */,
			);
			path = API;
			sourceTree = "<group>";
		};
		864B51FD2C46838500B8252C /* ApiKey */ = {
			isa = PBXGroup;
			children = (
				864B51FE2C46839300B8252C /* ApiKey.swift */,
			);
			path = ApiKey;
			sourceTree = "<group>";
		};
		864B52002C46A46800B8252C /* ChatView */ = {
			isa = PBXGroup;
			children = (
				864B51F52C46830500B8252C /* ViewModel */,
				864B52032C46A65700B8252C /* Model */,
				864B51F32C4682F100B8252C /* ChatView.swift */,
				864B52012C46A4F800B8252C /* ChatBubble.swift */,
				864B52062C46A87B00B8252C /* LoadingDotsView.swift */,
			);
			path = ChatView;
			sourceTree = "<group>";
		};
		864B52032C46A65700B8252C /* Model */ = {
			isa = PBXGroup;
			children = (
				864B52042C46A66700B8252C /* ChatMessage.swift */,
			);
			path = Model;
			sourceTree = "<group>";
		};
/* End PBXGroup section */

/* Begin PBXNativeTarget section */
		864B519E2C46628600B8252C /* GrowBro */ = {
			isa = PBXNativeTarget;
			buildConfigurationList = 864B51C32C46628700B8252C /* Build configuration list for PBXNativeTarget "GrowBro" */;
			buildPhases = (
				864B519B2C46628600B8252C /* Sources */,
				864B519C2C46628600B8252C /* Frameworks */,
				864B519D2C46628600B8252C /* Resources */,
			);
			buildRules = (
			);
			dependencies = (
			);
			name = GrowBro;
			packageProductDependencies = (
				864B51DD2C466FF500B8252C /* FirebaseAnalytics */,
				864B51DF2C466FF500B8252C /* FirebaseAnalyticsWithoutAdIdSupport */,
				864B51E12C466FF500B8252C /* FirebaseAuth */,
				864B51E32C466FF500B8252C /* FirebaseDatabase */,
				864B51E52C466FF500B8252C /* FirebaseDatabaseSwift */,
				864B51E72C466FF500B8252C /* FirebaseFirestore */,
			);
			productName = GrowBro;
			productReference = 864B519F2C46628600B8252C /* GrowBro.app */;
			productType = "com.apple.product-type.application";
		};
		864B51AE2C46628700B8252C /* GrowBroTests */ = {
			isa = PBXNativeTarget;
			buildConfigurationList = 864B51C62C46628700B8252C /* Build configuration list for PBXNativeTarget "GrowBroTests" */;
			buildPhases = (
				864B51AB2C46628700B8252C /* Sources */,
				864B51AC2C46628700B8252C /* Frameworks */,
				864B51AD2C46628700B8252C /* Resources */,
			);
			buildRules = (
			);
			dependencies = (
				864B51B12C46628700B8252C /* PBXTargetDependency */,
			);
			name = GrowBroTests;
			productName = GrowBroTests;
			productReference = 864B51AF2C46628700B8252C /* GrowBroTests.xctest */;
			productType = "com.apple.product-type.bundle.unit-test";
		};
		864B51B82C46628700B8252C /* GrowBroUITests */ = {
			isa = PBXNativeTarget;
			buildConfigurationList = 864B51C92C46628700B8252C /* Build configuration list for PBXNativeTarget "GrowBroUITests" */;
			buildPhases = (
				864B51B52C46628700B8252C /* Sources */,
				864B51B62C46628700B8252C /* Frameworks */,
				864B51B72C46628700B8252C /* Resources */,
			);
			buildRules = (
			);
			dependencies = (
				864B51BB2C46628700B8252C /* PBXTargetDependency */,
			);
			name = GrowBroUITests;
			productName = GrowBroUITests;
			productReference = 864B51B92C46628700B8252C /* GrowBroUITests.xctest */;
			productType = "com.apple.product-type.bundle.ui-testing";
		};
/* End PBXNativeTarget section */

/* Begin PBXProject section */
		864B51972C46628600B8252C /* Project object */ = {
			isa = PBXProject;
			attributes = {
				BuildIndependentTargetsInParallel = 1;
				LastSwiftUpdateCheck = 1540;
				LastUpgradeCheck = 1540;
				TargetAttributes = {
					864B519E2C46628600B8252C = {
						CreatedOnToolsVersion = 15.4;
					};
					864B51AE2C46628700B8252C = {
						CreatedOnToolsVersion = 15.4;
						TestTargetID = 864B519E2C46628600B8252C;
					};
					864B51B82C46628700B8252C = {
						CreatedOnToolsVersion = 15.4;
						TestTargetID = 864B519E2C46628600B8252C;
					};
				};
			};
			buildConfigurationList = 864B519A2C46628600B8252C /* Build configuration list for PBXProject "GrowBro" */;
			compatibilityVersion = "Xcode 14.0";
			developmentRegion = en;
			hasScannedForEncodings = 0;
			knownRegions = (
				en,
				Base,
			);
			mainGroup = 864B51962C46628600B8252C;
			packageReferences = (
				864B51DC2C466FF500B8252C /* XCRemoteSwiftPackageReference "firebase-ios-sdk" */,
			);
			productRefGroup = 864B51A02C46628600B8252C /* Products */;
			projectDirPath = "";
			projectRoot = "";
			targets = (
				864B519E2C46628600B8252C /* GrowBro */,
				864B51AE2C46628700B8252C /* GrowBroTests */,
				864B51B82C46628700B8252C /* GrowBroUITests */,
			);
		};
/* End PBXProject section */

/* Begin PBXResourcesBuildPhase section */
		864B519D2C46628600B8252C /* Resources */ = {
			isa = PBXResourcesBuildPhase;
			buildActionMask = 2147483647;
			files = (
				864B51AA2C46628700B8252C /* Preview Assets.xcassets in Resources */,
				864B51A72C46628700B8252C /* Assets.xcassets in Resources */,
				862FEB742C46E5F1006061C2 /* Datenlizenz.rtf in Resources */,
				864B51DB2C466F9B00B8252C /* GoogleService-Info.plist in Resources */,
				862FEB722C46E5B5006061C2 /* Datenschutzrichtlinie.rtf in Resources */,
			);
			runOnlyForDeploymentPostprocessing = 0;
		};
		864B51AD2C46628700B8252C /* Resources */ = {
			isa = PBXResourcesBuildPhase;
			buildActionMask = 2147483647;
			files = (
			);
			runOnlyForDeploymentPostprocessing = 0;
		};
		864B51B72C46628700B8252C /* Resources */ = {
			isa = PBXResourcesBuildPhase;
			buildActionMask = 2147483647;
			files = (
			);
			runOnlyForDeploymentPostprocessing = 0;
		};
/* End PBXResourcesBuildPhase section */

/* Begin PBXSourcesBuildPhase section */
		864B519B2C46628600B8252C /* Sources */ = {
			isa = PBXSourcesBuildPhase;
			buildActionMask = 2147483647;
			files = (
				864B52052C46A66700B8252C /* ChatMessage.swift in Sources */,
				864B52072C46A87B00B8252C /* LoadingDotsView.swift in Sources */,
				864B51FC2C46837600B8252C /* ChatRepository.swift in Sources */,
				864B51D72C4668A300B8252C /* FireUser.swift in Sources */,
				864B51D92C46694B00B8252C /* FireBaseManager.swift in Sources */,
				864B51F02C46742200B8252C /* LoginView.swift in Sources */,
				864B51F42C4682F100B8252C /* ChatView.swift in Sources */,
				864B51EB2C46702600B8252C /* AuthViewModel.swift in Sources */,
				864B52022C46A4F800B8252C /* ChatBubble.swift in Sources */,
				864B51FA2C46834900B8252C /* ChatRequest.swift in Sources */,
				864B51A32C46628600B8252C /* GrowBroApp.swift in Sources */,
				864B51F22C4674D000B8252C /* RegisterOrLoginView.swift in Sources */,
				864B51FF2C46839300B8252C /* ApiKey.swift in Sources */,
				864B51CD2C46629C00B8252C /* SplashView.swift in Sources */,
				864B51EE2C46710F00B8252C /* AuthenticationView.swift in Sources */,
				864B51F72C46831400B8252C /* ChatViewModel.swift in Sources */,
				864B51D32C4667BF00B8252C /* ViewRouter.swift in Sources */,
			);
			runOnlyForDeploymentPostprocessing = 0;
		};
		864B51AB2C46628700B8252C /* Sources */ = {
			isa = PBXSourcesBuildPhase;
			buildActionMask = 2147483647;
			files = (
				864B51B42C46628700B8252C /* GrowBroTests.swift in Sources */,
			);
			runOnlyForDeploymentPostprocessing = 0;
		};
		864B51B52C46628700B8252C /* Sources */ = {
			isa = PBXSourcesBuildPhase;
			buildActionMask = 2147483647;
			files = (
				864B51BE2C46628700B8252C /* GrowBroUITests.swift in Sources */,
				864B51C02C46628700B8252C /* GrowBroUITestsLaunchTests.swift in Sources */,
			);
			runOnlyForDeploymentPostprocessing = 0;
		};
/* End PBXSourcesBuildPhase section */

/* Begin PBXTargetDependency section */
		864B51B12C46628700B8252C /* PBXTargetDependency */ = {
			isa = PBXTargetDependency;
			target = 864B519E2C46628600B8252C /* GrowBro */;
			targetProxy = 864B51B02C46628700B8252C /* PBXContainerItemProxy */;
		};
		864B51BB2C46628700B8252C /* PBXTargetDependency */ = {
			isa = PBXTargetDependency;
			target = 864B519E2C46628600B8252C /* GrowBro */;
			targetProxy = 864B51BA2C46628700B8252C /* PBXContainerItemProxy */;
		};
/* End PBXTargetDependency section */

/* Begin XCBuildConfiguration section */
		864B51C12C46628700B8252C /* Debug */ = {
			isa = XCBuildConfiguration;
			buildSettings = {
				ALWAYS_SEARCH_USER_PATHS = NO;
				ASSETCATALOG_COMPILER_GENERATE_SWIFT_ASSET_SYMBOL_EXTENSIONS = YES;
				CLANG_ANALYZER_NONNULL = YES;
				CLANG_ANALYZER_NUMBER_OBJECT_CONVERSION = YES_AGGRESSIVE;
				CLANG_CXX_LANGUAGE_STANDARD = "gnu++20";
				CLANG_ENABLE_MODULES = YES;
				CLANG_ENABLE_OBJC_ARC = YES;
				CLANG_ENABLE_OBJC_WEAK = YES;
				CLANG_WARN_BLOCK_CAPTURE_AUTORELEASING = YES;
				CLANG_WARN_BOOL_CONVERSION = YES;
				CLANG_WARN_COMMA = YES;
				CLANG_WARN_CONSTANT_CONVERSION = YES;
				CLANG_WARN_DEPRECATED_OBJC_IMPLEMENTATIONS = YES;
				CLANG_WARN_DIRECT_OBJC_ISA_USAGE = YES_ERROR;
				CLANG_WARN_DOCUMENTATION_COMMENTS = YES;
				CLANG_WARN_EMPTY_BODY = YES;
				CLANG_WARN_ENUM_CONVERSION = YES;
				CLANG_WARN_INFINITE_RECURSION = YES;
				CLANG_WARN_INT_CONVERSION = YES;
				CLANG_WARN_NON_LITERAL_NULL_CONVERSION = YES;
				CLANG_WARN_OBJC_IMPLICIT_RETAIN_SELF = YES;
				CLANG_WARN_OBJC_LITERAL_CONVERSION = YES;
				CLANG_WARN_OBJC_ROOT_CLASS = YES_ERROR;
				CLANG_WARN_QUOTED_INCLUDE_IN_FRAMEWORK_HEADER = YES;
				CLANG_WARN_RANGE_LOOP_ANALYSIS = YES;
				CLANG_WARN_STRICT_PROTOTYPES = YES;
				CLANG_WARN_SUSPICIOUS_MOVE = YES;
				CLANG_WARN_UNGUARDED_AVAILABILITY = YES_AGGRESSIVE;
				CLANG_WARN_UNREACHABLE_CODE = YES;
				CLANG_WARN__DUPLICATE_METHOD_MATCH = YES;
				COPY_PHASE_STRIP = NO;
				DEBUG_INFORMATION_FORMAT = dwarf;
				ENABLE_STRICT_OBJC_MSGSEND = YES;
				ENABLE_TESTABILITY = YES;
				ENABLE_USER_SCRIPT_SANDBOXING = YES;
				GCC_C_LANGUAGE_STANDARD = gnu17;
				GCC_DYNAMIC_NO_PIC = NO;
				GCC_NO_COMMON_BLOCKS = YES;
				GCC_OPTIMIZATION_LEVEL = 0;
				GCC_PREPROCESSOR_DEFINITIONS = (
					"DEBUG=1",
					"$(inherited)",
				);
				GCC_WARN_64_TO_32_BIT_CONVERSION = YES;
				GCC_WARN_ABOUT_RETURN_TYPE = YES_ERROR;
				GCC_WARN_UNDECLARED_SELECTOR = YES;
				GCC_WARN_UNINITIALIZED_AUTOS = YES_AGGRESSIVE;
				GCC_WARN_UNUSED_FUNCTION = YES;
				GCC_WARN_UNUSED_VARIABLE = YES;
				IPHONEOS_DEPLOYMENT_TARGET = 17.5;
				LOCALIZATION_PREFERS_STRING_CATALOGS = YES;
				MTL_ENABLE_DEBUG_INFO = INCLUDE_SOURCE;
				MTL_FAST_MATH = YES;
				ONLY_ACTIVE_ARCH = YES;
				SDKROOT = iphoneos;
				SWIFT_ACTIVE_COMPILATION_CONDITIONS = "DEBUG $(inherited)";
				SWIFT_OPTIMIZATION_LEVEL = "-Onone";
			};
			name = Debug;
		};
		864B51C22C46628700B8252C /* Release */ = {
			isa = XCBuildConfiguration;
			buildSettings = {
				ALWAYS_SEARCH_USER_PATHS = NO;
				ASSETCATALOG_COMPILER_GENERATE_SWIFT_ASSET_SYMBOL_EXTENSIONS = YES;
				CLANG_ANALYZER_NONNULL = YES;
				CLANG_ANALYZER_NUMBER_OBJECT_CONVERSION = YES_AGGRESSIVE;
				CLANG_CXX_LANGUAGE_STANDARD = "gnu++20";
				CLANG_ENABLE_MODULES = YES;
				CLANG_ENABLE_OBJC_ARC = YES;
				CLANG_ENABLE_OBJC_WEAK = YES;
				CLANG_WARN_BLOCK_CAPTURE_AUTORELEASING = YES;
				CLANG_WARN_BOOL_CONVERSION = YES;
				CLANG_WARN_COMMA = YES;
				CLANG_WARN_CONSTANT_CONVERSION = YES;
				CLANG_WARN_DEPRECATED_OBJC_IMPLEMENTATIONS = YES;
				CLANG_WARN_DIRECT_OBJC_ISA_USAGE = YES_ERROR;
				CLANG_WARN_DOCUMENTATION_COMMENTS = YES;
				CLANG_WARN_EMPTY_BODY = YES;
				CLANG_WARN_ENUM_CONVERSION = YES;
				CLANG_WARN_INFINITE_RECURSION = YES;
				CLANG_WARN_INT_CONVERSION = YES;
				CLANG_WARN_NON_LITERAL_NULL_CONVERSION = YES;
				CLANG_WARN_OBJC_IMPLICIT_RETAIN_SELF = YES;
				CLANG_WARN_OBJC_LITERAL_CONVERSION = YES;
				CLANG_WARN_OBJC_ROOT_CLASS = YES_ERROR;
				CLANG_WARN_QUOTED_INCLUDE_IN_FRAMEWORK_HEADER = YES;
				CLANG_WARN_RANGE_LOOP_ANALYSIS = YES;
				CLANG_WARN_STRICT_PROTOTYPES = YES;
				CLANG_WARN_SUSPICIOUS_MOVE = YES;
				CLANG_WARN_UNGUARDED_AVAILABILITY = YES_AGGRESSIVE;
				CLANG_WARN_UNREACHABLE_CODE = YES;
				CLANG_WARN__DUPLICATE_METHOD_MATCH = YES;
				COPY_PHASE_STRIP = NO;
				DEBUG_INFORMATION_FORMAT = "dwarf-with-dsym";
				ENABLE_NS_ASSERTIONS = NO;
				ENABLE_STRICT_OBJC_MSGSEND = YES;
				ENABLE_USER_SCRIPT_SANDBOXING = YES;
				GCC_C_LANGUAGE_STANDARD = gnu17;
				GCC_NO_COMMON_BLOCKS = YES;
				GCC_WARN_64_TO_32_BIT_CONVERSION = YES;
				GCC_WARN_ABOUT_RETURN_TYPE = YES_ERROR;
				GCC_WARN_UNDECLARED_SELECTOR = YES;
				GCC_WARN_UNINITIALIZED_AUTOS = YES_AGGRESSIVE;
				GCC_WARN_UNUSED_FUNCTION = YES;
				GCC_WARN_UNUSED_VARIABLE = YES;
				IPHONEOS_DEPLOYMENT_TARGET = 17.5;
				LOCALIZATION_PREFERS_STRING_CATALOGS = YES;
				MTL_ENABLE_DEBUG_INFO = NO;
				MTL_FAST_MATH = YES;
				SDKROOT = iphoneos;
				SWIFT_COMPILATION_MODE = wholemodule;
				VALIDATE_PRODUCT = YES;
			};
			name = Release;
		};
		864B51C42C46628700B8252C /* Debug */ = {
			isa = XCBuildConfiguration;
			buildSettings = {
				ASSETCATALOG_COMPILER_APPICON_NAME = AppIcon;
				ASSETCATALOG_COMPILER_GLOBAL_ACCENT_COLOR_NAME = AccentColor;
				CODE_SIGN_ENTITLEMENTS = GrowBro/GrowBro.entitlements;
				CODE_SIGN_IDENTITY = "Apple Development";
				CODE_SIGN_STYLE = Automatic;
				CURRENT_PROJECT_VERSION = 2;
				DEVELOPMENT_ASSET_PATHS = "\"GrowBro/Preview Content\"";
				DEVELOPMENT_TEAM = LFNM38DQ8M;
				ENABLE_PREVIEWS = YES;
				GENERATE_INFOPLIST_FILE = YES;
				INFOPLIST_KEY_CFBundleDisplayName = "Grow Bro";
				INFOPLIST_KEY_LSApplicationCategoryType = "public.app-category.books";
				INFOPLIST_KEY_UIApplicationSceneManifest_Generation = YES;
				INFOPLIST_KEY_UIApplicationSupportsIndirectInputEvents = YES;
				INFOPLIST_KEY_UILaunchScreen_Generation = YES;
				INFOPLIST_KEY_UIStatusBarStyle = UIStatusBarStyleLightContent;
				INFOPLIST_KEY_UISupportedInterfaceOrientations = "UIInterfaceOrientationPortrait UIInterfaceOrientationPortraitUpsideDown";
				INFOPLIST_KEY_UISupportedInterfaceOrientations_iPad = "UIInterfaceOrientationLandscapeLeft UIInterfaceOrientationLandscapeRight UIInterfaceOrientationPortrait UIInterfaceOrientationPortraitUpsideDown";
				IPHONEOS_DEPLOYMENT_TARGET = 16.0;
				LD_RUNPATH_SEARCH_PATHS = (
					"$(inherited)",
					"@executable_path/Frameworks",
				);
				MARKETING_VERSION = 1.2;
				PRODUCT_BUNDLE_IDENTIFIER = com.InventisGroup.GrowBro;
				PRODUCT_NAME = "$(TARGET_NAME)";
				PROVISIONING_PROFILE_SPECIFIER = "";
				SUPPORTED_PLATFORMS = "iphoneos iphonesimulator";
				SUPPORTS_MACCATALYST = NO;
				SUPPORTS_MAC_DESIGNED_FOR_IPHONE_IPAD = NO;
				SUPPORTS_XR_DESIGNED_FOR_IPHONE_IPAD = NO;
				SWIFT_EMIT_LOC_STRINGS = YES;
				SWIFT_VERSION = 5.0;
				TARGETED_DEVICE_FAMILY = "1,2";
			};
			name = Debug;
		};
		864B51C52C46628700B8252C /* Release */ = {
			isa = XCBuildConfiguration;
			buildSettings = {
				ASSETCATALOG_COMPILER_APPICON_NAME = AppIcon;
				ASSETCATALOG_COMPILER_GLOBAL_ACCENT_COLOR_NAME = AccentColor;
				CODE_SIGN_ENTITLEMENTS = GrowBro/GrowBro.entitlements;
				CODE_SIGN_IDENTITY = "Apple Development";
				CODE_SIGN_STYLE = Automatic;
				CURRENT_PROJECT_VERSION = 2;
				DEVELOPMENT_ASSET_PATHS = "\"GrowBro/Preview Content\"";
				DEVELOPMENT_TEAM = LFNM38DQ8M;
				ENABLE_PREVIEWS = YES;
				GENERATE_INFOPLIST_FILE = YES;
				INFOPLIST_KEY_CFBundleDisplayName = "Grow Bro";
				INFOPLIST_KEY_LSApplicationCategoryType = "public.app-category.books";
				INFOPLIST_KEY_UIApplicationSceneManifest_Generation = YES;
				INFOPLIST_KEY_UIApplicationSupportsIndirectInputEvents = YES;
				INFOPLIST_KEY_UILaunchScreen_Generation = YES;
				INFOPLIST_KEY_UIStatusBarStyle = UIStatusBarStyleLightContent;
				INFOPLIST_KEY_UISupportedInterfaceOrientations = "UIInterfaceOrientationPortrait UIInterfaceOrientationPortraitUpsideDown";
				INFOPLIST_KEY_UISupportedInterfaceOrientations_iPad = "UIInterfaceOrientationLandscapeLeft UIInterfaceOrientationLandscapeRight UIInterfaceOrientationPortrait UIInterfaceOrientationPortraitUpsideDown";
				IPHONEOS_DEPLOYMENT_TARGET = 16.0;
				LD_RUNPATH_SEARCH_PATHS = (
					"$(inherited)",
					"@executable_path/Frameworks",
				);
				MARKETING_VERSION = 1.2;
				PRODUCT_BUNDLE_IDENTIFIER = com.InventisGroup.GrowBro;
				PRODUCT_NAME = "$(TARGET_NAME)";
				PROVISIONING_PROFILE_SPECIFIER = "";
				SUPPORTED_PLATFORMS = "iphoneos iphonesimulator";
				SUPPORTS_MACCATALYST = NO;
				SUPPORTS_MAC_DESIGNED_FOR_IPHONE_IPAD = NO;
				SUPPORTS_XR_DESIGNED_FOR_IPHONE_IPAD = NO;
				SWIFT_EMIT_LOC_STRINGS = YES;
				SWIFT_VERSION = 5.0;
				TARGETED_DEVICE_FAMILY = "1,2";
			};
			name = Release;
		};
		864B51C72C46628700B8252C /* Debug */ = {
			isa = XCBuildConfiguration;
			buildSettings = {
				ALWAYS_EMBED_SWIFT_STANDARD_LIBRARIES = YES;
				BUNDLE_LOADER = "$(TEST_HOST)";
				CODE_SIGN_STYLE = Automatic;
				CURRENT_PROJECT_VERSION = 1;
				DEVELOPMENT_TEAM = LFNM38DQ8M;
				GENERATE_INFOPLIST_FILE = YES;
				IPHONEOS_DEPLOYMENT_TARGET = 17.5;
				MARKETING_VERSION = 1.0;
				PRODUCT_BUNDLE_IDENTIFIER = com.InventisGroup.GrowBroTests;
				PRODUCT_NAME = "$(TARGET_NAME)";
				SWIFT_EMIT_LOC_STRINGS = NO;
				SWIFT_VERSION = 5.0;
				TARGETED_DEVICE_FAMILY = "1,2";
				TEST_HOST = "$(BUILT_PRODUCTS_DIR)/GrowBro.app/$(BUNDLE_EXECUTABLE_FOLDER_PATH)/GrowBro";
			};
			name = Debug;
		};
		864B51C82C46628700B8252C /* Release */ = {
			isa = XCBuildConfiguration;
			buildSettings = {
				ALWAYS_EMBED_SWIFT_STANDARD_LIBRARIES = YES;
				BUNDLE_LOADER = "$(TEST_HOST)";
				CODE_SIGN_STYLE = Automatic;
				CURRENT_PROJECT_VERSION = 1;
				DEVELOPMENT_TEAM = LFNM38DQ8M;
				GENERATE_INFOPLIST_FILE = YES;
				IPHONEOS_DEPLOYMENT_TARGET = 17.5;
				MARKETING_VERSION = 1.0;
				PRODUCT_BUNDLE_IDENTIFIER = com.InventisGroup.GrowBroTests;
				PRODUCT_NAME = "$(TARGET_NAME)";
				SWIFT_EMIT_LOC_STRINGS = NO;
				SWIFT_VERSION = 5.0;
				TARGETED_DEVICE_FAMILY = "1,2";
				TEST_HOST = "$(BUILT_PRODUCTS_DIR)/GrowBro.app/$(BUNDLE_EXECUTABLE_FOLDER_PATH)/GrowBro";
			};
			name = Release;
		};
		864B51CA2C46628700B8252C /* Debug */ = {
			isa = XCBuildConfiguration;
			buildSettings = {
				ALWAYS_EMBED_SWIFT_STANDARD_LIBRARIES = YES;
				CODE_SIGN_STYLE = Automatic;
				CURRENT_PROJECT_VERSION = 1;
				DEVELOPMENT_TEAM = LFNM38DQ8M;
				GENERATE_INFOPLIST_FILE = YES;
				MARKETING_VERSION = 1.0;
				PRODUCT_BUNDLE_IDENTIFIER = com.InventisGroup.GrowBroUITests;
				PRODUCT_NAME = "$(TARGET_NAME)";
				SWIFT_EMIT_LOC_STRINGS = NO;
				SWIFT_VERSION = 5.0;
				TARGETED_DEVICE_FAMILY = "1,2";
				TEST_TARGET_NAME = GrowBro;
			};
			name = Debug;
		};
		864B51CB2C46628700B8252C /* Release */ = {
			isa = XCBuildConfiguration;
			buildSettings = {
				ALWAYS_EMBED_SWIFT_STANDARD_LIBRARIES = YES;
				CODE_SIGN_STYLE = Automatic;
				CURRENT_PROJECT_VERSION = 1;
				DEVELOPMENT_TEAM = LFNM38DQ8M;
				GENERATE_INFOPLIST_FILE = YES;
				MARKETING_VERSION = 1.0;
				PRODUCT_BUNDLE_IDENTIFIER = com.InventisGroup.GrowBroUITests;
				PRODUCT_NAME = "$(TARGET_NAME)";
				SWIFT_EMIT_LOC_STRINGS = NO;
				SWIFT_VERSION = 5.0;
				TARGETED_DEVICE_FAMILY = "1,2";
				TEST_TARGET_NAME = GrowBro;
			};
			name = Release;
		};
/* End XCBuildConfiguration section */

/* Begin XCConfigurationList section */
		864B519A2C46628600B8252C /* Build configuration list for PBXProject "GrowBro" */ = {
			isa = XCConfigurationList;
			buildConfigurations = (
				864B51C12C46628700B8252C /* Debug */,
				864B51C22C46628700B8252C /* Release */,
			);
			defaultConfigurationIsVisible = 0;
			defaultConfigurationName = Release;
		};
		864B51C32C46628700B8252C /* Build configuration list for PBXNativeTarget "GrowBro" */ = {
			isa = XCConfigurationList;
			buildConfigurations = (
				864B51C42C46628700B8252C /* Debug */,
				864B51C52C46628700B8252C /* Release */,
			);
			defaultConfigurationIsVisible = 0;
			defaultConfigurationName = Release;
		};
		864B51C62C46628700B8252C /* Build configuration list for PBXNativeTarget "GrowBroTests" */ = {
			isa = XCConfigurationList;
			buildConfigurations = (
				864B51C72C46628700B8252C /* Debug */,
				864B51C82C46628700B8252C /* Release */,
			);
			defaultConfigurationIsVisible = 0;
			defaultConfigurationName = Release;
		};
		864B51C92C46628700B8252C /* Build configuration list for PBXNativeTarget "GrowBroUITests" */ = {
			isa = XCConfigurationList;
			buildConfigurations = (
				864B51CA2C46628700B8252C /* Debug */,
				864B51CB2C46628700B8252C /* Release */,
			);
			defaultConfigurationIsVisible = 0;
			defaultConfigurationName = Release;
		};
/* End XCConfigurationList section */

/* Begin XCRemoteSwiftPackageReference section */
		864B51DC2C466FF500B8252C /* XCRemoteSwiftPackageReference "firebase-ios-sdk" */ = {
			isa = XCRemoteSwiftPackageReference;
			repositoryURL = "https://github.com/firebase/firebase-ios-sdk";
			requirement = {
				kind = upToNextMajorVersion;
				minimumVersion = 10.29.0;
			};
		};
/* End XCRemoteSwiftPackageReference section */

/* Begin XCSwiftPackageProductDependency section */
		864B51DD2C466FF500B8252C /* FirebaseAnalytics */ = {
			isa = XCSwiftPackageProductDependency;
			package = 864B51DC2C466FF500B8252C /* XCRemoteSwiftPackageReference "firebase-ios-sdk" */;
			productName = FirebaseAnalytics;
		};
		864B51DF2C466FF500B8252C /* FirebaseAnalyticsWithoutAdIdSupport */ = {
			isa = XCSwiftPackageProductDependency;
			package = 864B51DC2C466FF500B8252C /* XCRemoteSwiftPackageReference "firebase-ios-sdk" */;
			productName = FirebaseAnalyticsWithoutAdIdSupport;
		};
		864B51E12C466FF500B8252C /* FirebaseAuth */ = {
			isa = XCSwiftPackageProductDependency;
			package = 864B51DC2C466FF500B8252C /* XCRemoteSwiftPackageReference "firebase-ios-sdk" */;
			productName = FirebaseAuth;
		};
		864B51E32C466FF500B8252C /* FirebaseDatabase */ = {
			isa = XCSwiftPackageProductDependency;
			package = 864B51DC2C466FF500B8252C /* XCRemoteSwiftPackageReference "firebase-ios-sdk" */;
			productName = FirebaseDatabase;
		};
		864B51E52C466FF500B8252C /* FirebaseDatabaseSwift */ = {
			isa = XCSwiftPackageProductDependency;
			package = 864B51DC2C466FF500B8252C /* XCRemoteSwiftPackageReference "firebase-ios-sdk" */;
			productName = FirebaseDatabaseSwift;
		};
		864B51E72C466FF500B8252C /* FirebaseFirestore */ = {
			isa = XCSwiftPackageProductDependency;
			package = 864B51DC2C466FF500B8252C /* XCRemoteSwiftPackageReference "firebase-ios-sdk" */;
			productName = FirebaseFirestore;
		};
/* End XCSwiftPackageProductDependency section */
	};
	rootObject = 864B51972C46628600B8252C /* Project object */;
}
