// !$*UTF8*$!
{
	archiveVersion = 1;
	classes = {
	};
	objectVersion = 56;
	objects = {

/* Begin PBXBuildFile section */
		864B51A32C46628600B8252C /* GrowBroApp.swift in Sources */ = {isa = PBXBuildFile; fileRef = 864B51A22C46628600B8252C /* GrowBroApp.swift */; };
		864B51A52C46628600B8252C /* ContentView.swift in Sources */ = {isa = PBXBuildFile; fileRef = 864B51A42C46628600B8252C /* ContentView.swift */; };
		864B51A72C46628700B8252C /* Assets.xcassets in Resources */ = {isa = PBXBuildFile; fileRef = 864B51A62C46628700B8252C /* Assets.xcassets */; };
		864B51AA2C46628700B8252C /* Preview Assets.xcassets in Resources */ = {isa = PBXBuildFile; fileRef = 864B51A92C46628700B8252C /* Preview Assets.xcassets */; };
		864B51B42C46628700B8252C /* GrowBroTests.swift in Sources */ = {isa = PBXBuildFile; fileRef = 864B51B32C46628700B8252C /* GrowBroTests.swift */; };
		864B51BE2C46628700B8252C /* GrowBroUITests.swift in Sources */ = {isa = PBXBuildFile; fileRef = 864B51BD2C46628700B8252C /* GrowBroUITests.swift */; };
		864B51C02C46628700B8252C /* GrowBroUITestsLaunchTests.swift in Sources */ = {isa = PBXBuildFile; fileRef = 864B51BF2C46628700B8252C /* GrowBroUITestsLaunchTests.swift */; };
/* End PBXBuildFile section */

/* Begin PBXContainerItemProxy section */
		864B51B02C46628700B8252C /* PBXContainerItemProxy */ = {
			isa = PBXContainerItemProxy;
			containerPortal = 864B51972C46628600B8252C /* Project object */;
			proxyType = 1;
			remoteGlobalIDString = 864B519E2C46628600B8252C;
			remoteInfo = GrowBro;
		};
		864B51BA2C46628700B8252C /* PBXContainerItemProxy */ = {
			isa = PBXContainerItemProxy;
			containerPortal = 864B51972C46628600B8252C /* Project object */;
			proxyType = 1;
			remoteGlobalIDString = 864B519E2C46628600B8252C;
			remoteInfo = GrowBro;
		};
/* End PBXContainerItemProxy section */

/* Begin PBXFileReference section */
		864B519F2C46628600B8252C /* GrowBro.app */ = {isa = PBXFileReference; explicitFileType = wrapper.application; includeInIndex = 0; path = GrowBro.app; sourceTree = BUILT_PRODUCTS_DIR; };
		864B51A22C46628600B8252C /* GrowBroApp.swift */ = {isa = PBXFileReference; lastKnownFileType = sourcecode.swift; path = GrowBroApp.swift; sourceTree = "<group>"; };
		864B51A42C46628600B8252C /* ContentView.swift */ = {isa = PBXFileReference; lastKnownFileType = sourcecode.swift; path = ContentView.swift; sourceTree = "<group>"; };
		864B51A62C46628700B8252C /* Assets.xcassets */ = {isa = PBXFileReference; lastKnownFileType = folder.assetcatalog; path = Assets.xcassets; sourceTree = "<group>"; };
		864B51A92C46628700B8252C /* Preview Assets.xcassets */ = {isa = PBXFileReference; lastKnownFileType = folder.assetcatalog; path = "Preview Assets.xcassets"; sourceTree = "<group>"; };
		864B51AF2C46628700B8252C /* GrowBroTests.xctest */ = {isa = PBXFileReference; explicitFileType = wrapper.cfbundle; includeInIndex = 0; path = GrowBroTests.xctest; sourceTree = BUILT_PRODUCTS_DIR; };
		864B51B32C46628700B8252C /* GrowBroTests.swift */ = {isa = PBXFileReference; lastKnownFileType = sourcecode.swift; path = GrowBroTests.swift; sourceTree = "<group>"; };
		864B51B92C46628700B8252C /* GrowBroUITests.xctest */ = {isa = PBXFileReference; explicitFileType = wrapper.cfbundle; includeInIndex = 0; path = GrowBroUITests.xctest; sourceTree = BUILT_PRODUCTS_DIR; };
		864B51BD2C46628700B8252C /* GrowBroUITests.swift */ = {isa = PBXFileReference; lastKnownFileType = sourcecode.swift; path = GrowBroUITests.swift; sourceTree = "<group>"; };
		864B51BF2C46628700B8252C /* GrowBroUITestsLaunchTests.swift */ = {isa = PBXFileReference; lastKnownFileType = sourcecode.swift; path = GrowBroUITestsLaunchTests.swift; sourceTree = "<group>"; };
/* End PBXFileReference section */

/* Begin PBXFrameworksBuildPhase section */
		864B519C2C46628600B8252C /* Frameworks */ = {
			isa = PBXFrameworksBuildPhase;
			buildActionMask = 2147483647;
			files = (
			);
			runOnlyForDeploymentPostprocessing = 0;
		};
		864B51AC2C46628700B8252C /* Frameworks */ = {
			isa = PBXFrameworksBuildPhase;
			buildActionMask = 2147483647;
			files = (
			);
			runOnlyForDeploymentPostprocessing = 0;
		};
		864B51B62C46628700B8252C /* Frameworks */ = {
			isa = PBXFrameworksBuildPhase;
			buildActionMask = 2147483647;
			files = (
			);
			runOnlyForDeploymentPostprocessing = 0;
		};
/* End PBXFrameworksBuildPhase section */

/* Begin PBXGroup section */
		864B51962C46628600B8252C = {
			isa = PBXGroup;
			children = (
				864B51A12C46628600B8252C /* GrowBro */,
				864B51B22C46628700B8252C /* GrowBroTests */,
				864B51BC2C46628700B8252C /* GrowBroUITests */,
				864B51A02C46628600B8252C /* Products */,
			);
			sourceTree = "<group>";
		};
		864B51A02C46628600B8252C /* Products */ = {
			isa = PBXGroup;
			children = (
				864B519F2C46628600B8252C /* GrowBro.app */,
				864B51AF2C46628700B8252C /* GrowBroTests.xctest */,
				864B51B92C46628700B8252C /* GrowBroUITests.xctest */,
			);
			name = Products;
			sourceTree = "<group>";
		};
		864B51A12C46628600B8252C /* GrowBro */ = {
			isa = PBXGroup;
			children = (
				864B51A22C46628600B8252C /* GrowBroApp.swift */,
				864B51A42C46628600B8252C /* ContentView.swift */,
				864B51A62C46628700B8252C /* Assets.xcassets */,
				864B51A82C46628700B8252C /* Preview Content */,
			);
			path = GrowBro;
			sourceTree = "<group>";
		};
		864B51A82C46628700B8252C /* Preview Content */ = {
			isa = PBXGroup;
			children = (
				864B51A92C46628700B8252C /* Preview Assets.xcassets */,
			);
			path = "Preview Content";
			sourceTree = "<group>";
		};
		864B51B22C46628700B8252C /* GrowBroTests */ = {
			isa = PBXGroup;
			children = (
				864B51B32C46628700B8252C /* GrowBroTests.swift */,
			);
			path = GrowBroTests;
			sourceTree = "<group>";
		};
		864B51BC2C46628700B8252C /* GrowBroUITests */ = {
			isa = PBXGroup;
			children = (
				864B51BD2C46628700B8252C /* GrowBroUITests.swift */,
				864B51BF2C46628700B8252C /* GrowBroUITestsLaunchTests.swift */,
			);
			path = GrowBroUITests;
			sourceTree = "<group>";
		};
/* End PBXGroup section */

/* Begin PBXNativeTarget section */
		864B519E2C46628600B8252C /* GrowBro */ = {
			isa = PBXNativeTarget;
			buildConfigurationList = 864B51C32C46628700B8252C /* Build configuration list for PBXNativeTarget "GrowBro" */;
			buildPhases = (
				864B519B2C46628600B8252C /* Sources */,
				864B519C2C46628600B8252C /* Frameworks */,
				864B519D2C46628600B8252C /* Resources */,
			);
			buildRules = (
			);
			dependencies = (
			);
			name = GrowBro;
			productName = GrowBro;
			productReference = 864B519F2C46628600B8252C /* GrowBro.app */;
			productType = "com.apple.product-type.application";
		};
		864B51AE2C46628700B8252C /* GrowBroTests */ = {
			isa = PBXNativeTarget;
			buildConfigurationList = 864B51C62C46628700B8252C /* Build configuration list for PBXNativeTarget "GrowBroTests" */;
			buildPhases = (
				864B51AB2C46628700B8252C /* Sources */,
				864B51AC2C46628700B8252C /* Frameworks */,
				864B51AD2C46628700B8252C /* Resources */,
			);
			buildRules = (
			);
			dependencies = (
				864B51B12C46628700B8252C /* PBXTargetDependency */,
			);
			name = GrowBroTests;
			productName = GrowBroTests;
			productReference = 864B51AF2C46628700B8252C /* GrowBroTests.xctest */;
			productType = "com.apple.product-type.bundle.unit-test";
		};
		864B51B82C46628700B8252C /* GrowBroUITests */ = {
			isa = PBXNativeTarget;
			buildConfigurationList = 864B51C92C46628700B8252C /* Build configuration list for PBXNativeTarget "GrowBroUITests" */;
			buildPhases = (
				864B51B52C46628700B8252C /* Sources */,
				864B51B62C46628700B8252C /* Frameworks */,
				864B51B72C46628700B8252C /* Resources */,
			);
			buildRules = (
			);
			dependencies = (
				864B51BB2C46628700B8252C /* PBXTargetDependency */,
			);
			name = GrowBroUITests;
			productName = GrowBroUITests;
			productReference = 864B51B92C46628700B8252C /* GrowBroUITests.xctest */;
			productType = "com.apple.product-type.bundle.ui-testing";
		};
/* End PBXNativeTarget section */

/* Begin PBXProject section */
		864B51972C46628600B8252C /* Project object */ = {
			isa = PBXProject;
			attributes = {
				BuildIndependentTargetsInParallel = 1;
				LastSwiftUpdateCheck = 1540;
				LastUpgradeCheck = 1540;
				TargetAttributes = {
					864B519E2C46628600B8252C = {
						CreatedOnToolsVersion = 15.4;
					};
					864B51AE2C46628700B8252C = {
						CreatedOnToolsVersion = 15.4;
						TestTargetID = 864B519E2C46628600B8252C;
					};
					864B51B82C46628700B8252C = {
						CreatedOnToolsVersion = 15.4;
						TestTargetID = 864B519E2C46628600B8252C;
					};
				};
			};
			buildConfigurationList = 864B519A2C46628600B8252C /* Build configuration list for PBXProject "GrowBro" */;
			compatibilityVersion = "Xcode 14.0";
			developmentRegion = en;
			hasScannedForEncodings = 0;
			knownRegions = (
				en,
				Base,
			);
			mainGroup = 864B51962C46628600B8252C;
			productRefGroup = 864B51A02C46628600B8252C /* Products */;
			projectDirPath = "";
			projectRoot = "";
			targets = (
				864B519E2C46628600B8252C /* GrowBro */,
				864B51AE2C46628700B8252C /* GrowBroTests */,
				864B51B82C46628700B8252C /* GrowBroUITests */,
			);
		};
/* End PBXProject section */

/* Begin PBXResourcesBuildPhase section */
		864B519D2C46628600B8252C /* Resources */ = {
			isa = PBXResourcesBuildPhase;
			buildActionMask = 2147483647;
			files = (
				864B51AA2C46628700B8252C /* Preview Assets.xcassets in Resources */,
				864B51A72C46628700B8252C /* Assets.xcassets in Resources */,
			);
			runOnlyForDeploymentPostprocessing = 0;
		};
		864B51AD2C46628700B8252C /* Resources */ = {
			isa = PBXResourcesBuildPhase;
			buildActionMask = 2147483647;
			files = (
			);
			runOnlyForDeploymentPostprocessing = 0;
		};
		864B51B72C46628700B8252C /* Resources */ = {
			isa = PBXResourcesBuildPhase;
			buildActionMask = 2147483647;
			files = (
			);
			runOnlyForDeploymentPostprocessing = 0;
		};
/* End PBXResourcesBuildPhase section */

/* Begin PBXSourcesBuildPhase section */
		864B519B2C46628600B8252C /* Sources */ = {
			isa = PBXSourcesBuildPhase;
			buildActionMask = 2147483647;
			files = (
				864B51A52C46628600B8252C /* ContentView.swift in Sources */,
				864B51A32C46628600B8252C /* GrowBroApp.swift in Sources */,
			);
			runOnlyForDeploymentPostprocessing = 0;
		};
		864B51AB2C46628700B8252C /* Sources */ = {
			isa = PBXSourcesBuildPhase;
			buildActionMask = 2147483647;
			files = (
				864B51B42C46628700B8252C /* GrowBroTests.swift in Sources */,
			);
			runOnlyForDeploymentPostprocessing = 0;
		};
		864B51B52C46628700B8252C /* Sources */ = {
			isa = PBXSourcesBuildPhase;
			buildActionMask = 2147483647;
			files = (
				864B51BE2C46628700B8252C /* GrowBroUITests.swift in Sources */,
				864B51C02C46628700B8252C /* GrowBroUITestsLaunchTests.swift in Sources */,
			);
			runOnlyForDeploymentPostprocessing = 0;
		};
/* End PBXSourcesBuildPhase section */

/* Begin PBXTargetDependency section */
		864B51B12C46628700B8252C /* PBXTargetDependency */ = {
			isa = PBXTargetDependency;
			target = 864B519E2C46628600B8252C /* GrowBro */;
			targetProxy = 864B51B02C46628700B8252C /* PBXContainerItemProxy */;
		};
		864B51BB2C46628700B8252C /* PBXTargetDependency */ = {
			isa = PBXTargetDependency;
			target = 864B519E2C46628600B8252C /* GrowBro */;
			targetProxy = 864B51BA2C46628700B8252C /* PBXContainerItemProxy */;
		};
/* End PBXTargetDependency section */

/* Begin XCBuildConfiguration section */
		864B51C12C46628700B8252C /* Debug */ = {
			isa = XCBuildConfiguration;
			buildSettings = {
				ALWAYS_SEARCH_USER_PATHS = NO;
				ASSETCATALOG_COMPILER_GENERATE_SWIFT_ASSET_SYMBOL_EXTENSIONS = YES;
				CLANG_ANALYZER_NONNULL = YES;
				CLANG_ANALYZER_NUMBER_OBJECT_CONVERSION = YES_AGGRESSIVE;
				CLANG_CXX_LANGUAGE_STANDARD = "gnu++20";
				CLANG_ENABLE_MODULES = YES;
				CLANG_ENABLE_OBJC_ARC = YES;
				CLANG_ENABLE_OBJC_WEAK = YES;
				CLANG_WARN_BLOCK_CAPTURE_AUTORELEASING = YES;
				CLANG_WARN_BOOL_CONVERSION = YES;
				CLANG_WARN_COMMA = YES;
				CLANG_WARN_CONSTANT_CONVERSION = YES;
				CLANG_WARN_DEPRECATED_OBJC_IMPLEMENTATIONS = YES;
				CLANG_WARN_DIRECT_OBJC_ISA_USAGE = YES_ERROR;
				CLANG_WARN_DOCUMENTATION_COMMENTS = YES;
				CLANG_WARN_EMPTY_BODY = YES;
				CLANG_WARN_ENUM_CONVERSION = YES;
				CLANG_WARN_INFINITE_RECURSION = YES;
				CLANG_WARN_INT_CONVERSION = YES;
				CLANG_WARN_NON_LITERAL_NULL_CONVERSION = YES;
				CLANG_WARN_OBJC_IMPLICIT_RETAIN_SELF = YES;
				CLANG_WARN_OBJC_LITERAL_CONVERSION = YES;
				CLANG_WARN_OBJC_ROOT_CLASS = YES_ERROR;
				CLANG_WARN_QUOTED_INCLUDE_IN_FRAMEWORK_HEADER = YES;
				CLANG_WARN_RANGE_LOOP_ANALYSIS = YES;
				CLANG_WARN_STRICT_PROTOTYPES = YES;
				CLANG_WARN_SUSPICIOUS_MOVE = YES;
				CLANG_WARN_UNGUARDED_AVAILABILITY = YES_AGGRESSIVE;
				CLANG_WARN_UNREACHABLE_CODE = YES;
				CLANG_WARN__DUPLICATE_METHOD_MATCH = YES;
				COPY_PHASE_STRIP = NO;
				DEBUG_INFORMATION_FORMAT = dwarf;
				ENABLE_STRICT_OBJC_MSGSEND = YES;
				ENABLE_TESTABILITY = YES;
				ENABLE_USER_SCRIPT_SANDBOXING = YES;
				GCC_C_LANGUAGE_STANDARD = gnu17;
				GCC_DYNAMIC_NO_PIC = NO;
				GCC_NO_COMMON_BLOCKS = YES;
				GCC_OPTIMIZATION_LEVEL = 0;
				GCC_PREPROCESSOR_DEFINITIONS = (
					"DEBUG=1",
					"$(inherited)",
				);
				GCC_WARN_64_TO_32_BIT_CONVERSION = YES;
				GCC_WARN_ABOUT_RETURN_TYPE = YES_ERROR;
				GCC_WARN_UNDECLARED_SELECTOR = YES;
				GCC_WARN_UNINITIALIZED_AUTOS = YES_AGGRESSIVE;
				GCC_WARN_UNUSED_FUNCTION = YES;
				GCC_WARN_UNUSED_VARIABLE = YES;
				IPHONEOS_DEPLOYMENT_TARGET = 17.5;
				LOCALIZATION_PREFERS_STRING_CATALOGS = YES;
				MTL_ENABLE_DEBUG_INFO = INCLUDE_SOURCE;
				MTL_FAST_MATH = YES;
				ONLY_ACTIVE_ARCH = YES;
				SDKROOT = iphoneos;
				SWIFT_ACTIVE_COMPILATION_CONDITIONS = "DEBUG $(inherited)";
				SWIFT_OPTIMIZATION_LEVEL = "-Onone";
			};
			name = Debug;
		};
		864B51C22C46628700B8252C /* Release */ = {
			isa = XCBuildConfiguration;
			buildSettings = {
				ALWAYS_SEARCH_USER_PATHS = NO;
				ASSETCATALOG_COMPILER_GENERATE_SWIFT_ASSET_SYMBOL_EXTENSIONS = YES;
				CLANG_ANALYZER_NONNULL = YES;
				CLANG_ANALYZER_NUMBER_OBJECT_CONVERSION = YES_AGGRESSIVE;
				CLANG_CXX_LANGUAGE_STANDARD = "gnu++20";
				CLANG_ENABLE_MODULES = YES;
				CLANG_ENABLE_OBJC_ARC = YES;
				CLANG_ENABLE_OBJC_WEAK = YES;
				CLANG_WARN_BLOCK_CAPTURE_AUTORELEASING = YES;
				CLANG_WARN_BOOL_CONVERSION = YES;
				CLANG_WARN_COMMA = YES;
				CLANG_WARN_CONSTANT_CONVERSION = YES;
				CLANG_WARN_DEPRECATED_OBJC_IMPLEMENTATIONS = YES;
				CLANG_WARN_DIRECT_OBJC_ISA_USAGE = YES_ERROR;
				CLANG_WARN_DOCUMENTATION_COMMENTS = YES;
				CLANG_WARN_EMPTY_BODY = YES;
				CLANG_WARN_ENUM_CONVERSION = YES;
				CLANG_WARN_INFINITE_RECURSION = YES;
				CLANG_WARN_INT_CONVERSION = YES;
				CLANG_WARN_NON_LITERAL_NULL_CONVERSION = YES;
				CLANG_WARN_OBJC_IMPLICIT_RETAIN_SELF = YES;
				CLANG_WARN_OBJC_LITERAL_CONVERSION = YES;
				CLANG_WARN_OBJC_ROOT_CLASS = YES_ERROR;
				CLANG_WARN_QUOTED_INCLUDE_IN_FRAMEWORK_HEADER = YES;
				CLANG_WARN_RANGE_LOOP_ANALYSIS = YES;
				CLANG_WARN_STRICT_PROTOTYPES = YES;
				CLANG_WARN_SUSPICIOUS_MOVE = YES;
				CLANG_WARN_UNGUARDED_AVAILABILITY = YES_AGGRESSIVE;
				CLANG_WARN_UNREACHABLE_CODE = YES;
				CLANG_WARN__DUPLICATE_METHOD_MATCH = YES;
				COPY_PHASE_STRIP = NO;
				DEBUG_INFORMATION_FORMAT = "dwarf-with-dsym";
				ENABLE_NS_ASSERTIONS = NO;
				ENABLE_STRICT_OBJC_MSGSEND = YES;
				ENABLE_USER_SCRIPT_SANDBOXING = YES;
				GCC_C_LANGUAGE_STANDARD = gnu17;
				GCC_NO_COMMON_BLOCKS = YES;
				GCC_WARN_64_TO_32_BIT_CONVERSION = YES;
				GCC_WARN_ABOUT_RETURN_TYPE = YES_ERROR;
				GCC_WARN_UNDECLARED_SELECTOR = YES;
				GCC_WARN_UNINITIALIZED_AUTOS = YES_AGGRESSIVE;
				GCC_WARN_UNUSED_FUNCTION = YES;
				GCC_WARN_UNUSED_VARIABLE = YES;
				IPHONEOS_DEPLOYMENT_TARGET = 17.5;
				LOCALIZATION_PREFERS_STRING_CATALOGS = YES;
				MTL_ENABLE_DEBUG_INFO = NO;
				MTL_FAST_MATH = YES;
				SDKROOT = iphoneos;
				SWIFT_COMPILATION_MODE = wholemodule;
				VALIDATE_PRODUCT = YES;
			};
			name = Release;
		};
		864B51C42C46628700B8252C /* Debug */ = {
			isa = XCBuildConfiguration;
			buildSettings = {
				ASSETCATALOG_COMPILER_APPICON_NAME = AppIcon;
				ASSETCATALOG_COMPILER_GLOBAL_ACCENT_COLOR_NAME = AccentColor;
				CODE_SIGN_STYLE = Automatic;
				CURRENT_PROJECT_VERSION = 1;
				DEVELOPMENT_ASSET_PATHS = "\"GrowBro/Preview Content\"";
				DEVELOPMENT_TEAM = LFNM38DQ8M;
				ENABLE_PREVIEWS = YES;
				GENERATE_INFOPLIST_FILE = YES;
				INFOPLIST_KEY_UIApplicationSceneManifest_Generation = YES;
				INFOPLIST_KEY_UIApplicationSupportsIndirectInputEvents = YES;
				INFOPLIST_KEY_UILaunchScreen_Generation = YES;
				INFOPLIST_KEY_UISupportedInterfaceOrientations_iPad = "UIInterfaceOrientationPortrait UIInterfaceOrientationPortraitUpsideDown UIInterfaceOrientationLandscapeLeft UIInterfaceOrientationLandscapeRight";
				INFOPLIST_KEY_UISupportedInterfaceOrientations_iPhone = "UIInterfaceOrientationPortrait UIInterfaceOrientationLandscapeLeft UIInterfaceOrientationLandscapeRight";
				LD_RUNPATH_SEARCH_PATHS = (
					"$(inherited)",
					"@executable_path/Frameworks",
				);
				MARKETING_VERSION = 1.0;
				PRODUCT_BUNDLE_IDENTIFIER = com.InventisGroup.GrowBro;
				PRODUCT_NAME = "$(TARGET_NAME)";
				SWIFT_EMIT_LOC_STRINGS = YES;
				SWIFT_VERSION = 5.0;
				TARGETED_DEVICE_FAMILY = "1,2";
			};
			name = Debug;
		};
		864B51C52C46628700B8252C /* Release */ = {
			isa = XCBuildConfiguration;
			buildSettings = {
				ASSETCATALOG_COMPILER_APPICON_NAME = AppIcon;
				ASSETCATALOG_COMPILER_GLOBAL_ACCENT_COLOR_NAME = AccentColor;
				CODE_SIGN_STYLE = Automatic;
				CURRENT_PROJECT_VERSION = 1;
				DEVELOPMENT_ASSET_PATHS = "\"GrowBro/Preview Content\"";
				DEVELOPMENT_TEAM = LFNM38DQ8M;
				ENABLE_PREVIEWS = YES;
				GENERATE_INFOPLIST_FILE = YES;
				INFOPLIST_KEY_UIApplicationSceneManifest_Generation = YES;
				INFOPLIST_KEY_UIApplicationSupportsIndirectInputEvents = YES;
				INFOPLIST_KEY_UILaunchScreen_Generation = YES;
				INFOPLIST_KEY_UISupportedInterfaceOrientations_iPad = "UIInterfaceOrientationPortrait UIInterfaceOrientationPortraitUpsideDown UIInterfaceOrientationLandscapeLeft UIInterfaceOrientationLandscapeRight";
				INFOPLIST_KEY_UISupportedInterfaceOrientations_iPhone = "UIInterfaceOrientationPortrait UIInterfaceOrientationLandscapeLeft UIInterfaceOrientationLandscapeRight";
				LD_RUNPATH_SEARCH_PATHS = (
					"$(inherited)",
					"@executable_path/Frameworks",
				);
				MARKETING_VERSION = 1.0;
				PRODUCT_BUNDLE_IDENTIFIER = com.InventisGroup.GrowBro;
				PRODUCT_NAME = "$(TARGET_NAME)";
				SWIFT_EMIT_LOC_STRINGS = YES;
				SWIFT_VERSION = 5.0;
				TARGETED_DEVICE_FAMILY = "1,2";
			};
			name = Release;
		};
		864B51C72C46628700B8252C /* Debug */ = {
			isa = XCBuildConfiguration;
			buildSettings = {
				ALWAYS_EMBED_SWIFT_STANDARD_LIBRARIES = YES;
				BUNDLE_LOADER = "$(TEST_HOST)";
				CODE_SIGN_STYLE = Automatic;
				CURRENT_PROJECT_VERSION = 1;
				DEVELOPMENT_TEAM = LFNM38DQ8M;
				GENERATE_INFOPLIST_FILE = YES;
				IPHONEOS_DEPLOYMENT_TARGET = 17.5;
				MARKETING_VERSION = 1.0;
				PRODUCT_BUNDLE_IDENTIFIER = com.InventisGroup.GrowBroTests;
				PRODUCT_NAME = "$(TARGET_NAME)";
				SWIFT_EMIT_LOC_STRINGS = NO;
				SWIFT_VERSION = 5.0;
				TARGETED_DEVICE_FAMILY = "1,2";
				TEST_HOST = "$(BUILT_PRODUCTS_DIR)/GrowBro.app/$(BUNDLE_EXECUTABLE_FOLDER_PATH)/GrowBro";
			};
			name = Debug;
		};
		864B51C82C46628700B8252C /* Release */ = {
			isa = XCBuildConfiguration;
			buildSettings = {
				ALWAYS_EMBED_SWIFT_STANDARD_LIBRARIES = YES;
				BUNDLE_LOADER = "$(TEST_HOST)";
				CODE_SIGN_STYLE = Automatic;
				CURRENT_PROJECT_VERSION = 1;
				DEVELOPMENT_TEAM = LFNM38DQ8M;
				GENERATE_INFOPLIST_FILE = YES;
				IPHONEOS_DEPLOYMENT_TARGET = 17.5;
				MARKETING_VERSION = 1.0;
				PRODUCT_BUNDLE_IDENTIFIER = com.InventisGroup.GrowBroTests;
				PRODUCT_NAME = "$(TARGET_NAME)";
				SWIFT_EMIT_LOC_STRINGS = NO;
				SWIFT_VERSION = 5.0;
				TARGETED_DEVICE_FAMILY = "1,2";
				TEST_HOST = "$(BUILT_PRODUCTS_DIR)/GrowBro.app/$(BUNDLE_EXECUTABLE_FOLDER_PATH)/GrowBro";
			};
			name = Release;
		};
		864B51CA2C46628700B8252C /* Debug */ = {
			isa = XCBuildConfiguration;
			buildSettings = {
				ALWAYS_EMBED_SWIFT_STANDARD_LIBRARIES = YES;
				CODE_SIGN_STYLE = Automatic;
				CURRENT_PROJECT_VERSION = 1;
				DEVELOPMENT_TEAM = LFNM38DQ8M;
				GENERATE_INFOPLIST_FILE = YES;
				MARKETING_VERSION = 1.0;
				PRODUCT_BUNDLE_IDENTIFIER = com.InventisGroup.GrowBroUITests;
				PRODUCT_NAME = "$(TARGET_NAME)";
				SWIFT_EMIT_LOC_STRINGS = NO;
				SWIFT_VERSION = 5.0;
				TARGETED_DEVICE_FAMILY = "1,2";
				TEST_TARGET_NAME = GrowBro;
			};
			name = Debug;
		};
		864B51CB2C46628700B8252C /* Release */ = {
			isa = XCBuildConfiguration;
			buildSettings = {
				ALWAYS_EMBED_SWIFT_STANDARD_LIBRARIES = YES;
				CODE_SIGN_STYLE = Automatic;
				CURRENT_PROJECT_VERSION = 1;
				DEVELOPMENT_TEAM = LFNM38DQ8M;
				GENERATE_INFOPLIST_FILE = YES;
				MARKETING_VERSION = 1.0;
				PRODUCT_BUNDLE_IDENTIFIER = com.InventisGroup.GrowBroUITests;
				PRODUCT_NAME = "$(TARGET_NAME)";
				SWIFT_EMIT_LOC_STRINGS = NO;
				SWIFT_VERSION = 5.0;
				TARGETED_DEVICE_FAMILY = "1,2";
				TEST_TARGET_NAME = GrowBro;
			};
			name = Release;
		};
/* End XCBuildConfiguration section */

/* Begin XCConfigurationList section */
		864B519A2C46628600B8252C /* Build configuration list for PBXProject "GrowBro" */ = {
			isa = XCConfigurationList;
			buildConfigurations = (
				864B51C12C46628700B8252C /* Debug */,
				864B51C22C46628700B8252C /* Release */,
			);
			defaultConfigurationIsVisible = 0;
			defaultConfigurationName = Release;
		};
		864B51C32C46628700B8252C /* Build configuration list for PBXNativeTarget "GrowBro" */ = {
			isa = XCConfigurationList;
			buildConfigurations = (
				864B51C42C46628700B8252C /* Debug */,
				864B51C52C46628700B8252C /* Release */,
			);
			defaultConfigurationIsVisible = 0;
			defaultConfigurationName = Release;
		};
		864B51C62C46628700B8252C /* Build configuration list for PBXNativeTarget "GrowBroTests" */ = {
			isa = XCConfigurationList;
			buildConfigurations = (
				864B51C72C46628700B8252C /* Debug */,
				864B51C82C46628700B8252C /* Release */,
			);
			defaultConfigurationIsVisible = 0;
			defaultConfigurationName = Release;
		};
		864B51C92C46628700B8252C /* Build configuration list for PBXNativeTarget "GrowBroUITests" */ = {
			isa = XCConfigurationList;
			buildConfigurations = (
				864B51CA2C46628700B8252C /* Debug */,
				864B51CB2C46628700B8252C /* Release */,
			);
			defaultConfigurationIsVisible = 0;
			defaultConfigurationName = Release;
		};
/* End XCConfigurationList section */
	};
	rootObject = 864B51972C46628600B8252C /* Project object */;
}
